
Microsoft Visual Studio Solution File, Format Version 12.00
# Visual Studio 15
VisualStudioVersion = 15.0.28307.1340
MinimumVisualStudioVersion = 10.0.40219.1
Project("{9A19103F-16F7-4668-BE54-9A1E7A4F7556}") = "AutoPotion", "AutoPotion.csproj", "{6CA48D3C-EDBD-40E7-91EC-AD3E653D0FBC}"
EndProject
Global
	GlobalSection(SolutionConfigurationPlatforms) = preSolution
		Debug|Any CPU = Debug|Any CPU
		Release|Any CPU = Release|Any CPU
	EndGlobalSection
	GlobalSection(ProjectConfigurationPlatforms) = postSolution
		{6CA48D3C-EDBD-40E7-91EC-AD3E653D0FBC}.Debug|Any CPU.ActiveCfg = Debug|Any CPU
		{6CA48D3C-EDBD-40E7-91EC-AD3E653D0FBC}.Debug|Any CPU.Build.0 = Debug|Any CPU
		{6CA48D3C-EDBD-40E7-91EC-AD3E653D0FBC}.Release|Any CPU.ActiveCfg = Release|Any CPU
		{6CA48D3C-EDBD-40E7-91EC-AD3E653D0FBC}.Release|Any CPU.Build.0 = Release|Any CPU
	EndGlobalSection
	GlobalSection(SolutionProperties) = preSolution
		HideSolutionNode = FALSE
	EndGlobalSection
	GlobalSection(ExtensibilityGlobals) = postSolution
		SolutionGuid = {5A86A4AC-49F8-421D-89F2-EC5A37BA2C4D}
	EndGlobalSection
EndGlobal
